{
  "name": "wk",
  "version": "0.0.1",
  "lockfileVersion": 1,
  "requires": true,
  "dependencies": {
    "eventemitter3": {
      "version": "2.0.3",
      "resolved": "https://registry.npmjs.org/eventemitter3/-/eventemitter3-2.0.3.tgz",
      "integrity": "sha1-teEHm1n7XhuidxwKmTvgYKWMmbo="
    },
    "lol": {
      "version": "github:makemepulse/lol.js#79e16ba4d8278df45d563a7b6922d318d0831ef1"
    },
    "when": {
      "version": "3.7.8",
      "resolved": "https://registry.npmjs.org/when/-/when-3.7.8.tgz",
      "integrity": "sha1-xxMLan6gRpPoQs3J56Hyqjmjn4I="
    },
    "wk-argv-parser": {
      "version": "github:wk-js/argv-parser#d8a70d5ffee8fe20e9828db12e7b796f36f7e13c",
      "requires": {
        "lol": "github:makemepulse/lol.js#79e16ba4d8278df45d563a7b6922d318d0831ef1"
      },
      "dependencies": {
        "lol": {
          "version": "github:makemepulse/lol.js#79e16ba4d8278df45d563a7b6922d318d0831ef1"
        }
      }
    },
    "wkno": {
      "version": "file:../wkno",
      "requires": {
        "lol": "0.0.3",
        "when": "3.7.8",
        "wk-argv-parser": "0.0.8",
        "wk-print": "0.0.2"
      },
      "dependencies": {
        "ansi-styles": {
          "version": "3.2.0",
          "bundled": true,
          "requires": {
            "color-convert": "1.9.0"
          }
        },
        "chalk": {
          "version": "2.1.0",
          "bundled": true,
          "requires": {
            "ansi-styles": "3.2.0",
            "escape-string-regexp": "1.0.5",
            "supports-color": "4.4.0"
          }
        },
        "color-convert": {
          "version": "1.9.0",
          "bundled": true,
          "requires": {
            "color-name": "1.1.3"
          }
        },
        "color-name": {
          "version": "1.1.3",
          "bundled": true
        },
        "escape-string-regexp": {
          "version": "1.0.5",
          "bundled": true
        },
        "eventemitter3": {
          "version": "2.0.3",
          "bundled": true
        },
        "has-flag": {
          "version": "2.0.0",
          "bundled": true
        },
        "lol": {
          "version": "0.0.3",
          "bundled": true
        },
        "semver": {
          "version": "5.4.1",
          "bundled": true
        },
        "supports-color": {
          "version": "4.4.0",
          "bundled": true,
          "requires": {
            "has-flag": "2.0.0"
          }
        },
        "when": {
          "version": "3.7.8",
          "bundled": true
        },
        "wk-argv-parser": {
          "version": "0.0.8",
          "bundled": true,
          "requires": {
            "lol": "0.0.3"
          }
        },
        "wk-print": {
          "version": "0.0.2",
          "bundled": true,
          "requires": {
            "chalk": "2.1.0"
          }
        },
        "workflow-cli": {
          "version": "1.0.0-beta.1",
          "bundled": true,
          "requires": {
            "eventemitter3": "2.0.3",
            "lol": "0.0.3",
            "when": "3.7.7",
            "wk-argv-parser": "0.0.8",
            "wk-print": "0.0.2",
            "wkno": "0.0.5"
          },
          "dependencies": {
            "lol": {
              "version": "0.0.3",
              "bundled": true
            },
            "when": {
              "version": "3.7.7",
              "bundled": true
            },
            "wk-argv-parser": {
              "version": "0.0.8",
              "bundled": true,
              "requires": {
                "lol": "0.0.3"
              },
              "dependencies": {
                "lol": {
                  "version": "0.0.3",
                  "bundled": true
                }
              }
            },
            "wk-print": {
              "version": "0.0.2",
              "bundled": true,
              "requires": {
                "chalk": "2.1.0"
              }
            },
            "wkno": {
              "version": "0.0.5",
              "bundled": true,
              "requires": {
                "when": "3.7.8",
                "wk-argv-parser": "0.0.8",
                "wk-print": "0.0.2"
              },
              "dependencies": {
                "lol": {
                  "version": "0.0.3",
                  "bundled": true
                },
                "when": {
                  "version": "3.7.8",
                  "bundled": true
                },
                "wk-argv-parser": {
                  "version": "0.0.8",
                  "bundled": true,
                  "requires": {
                    "lol": "0.0.3"
                  }
                },
                "wk-print": {
                  "version": "0.0.2",
                  "bundled": true,
                  "requires": {
                    "chalk": "2.1.0"
                  }
                }
              }
            }
          }
        }
      }
    }
  }
}
