{
  "name": "wk",
  "version": "0.0.1",
  "lockfileVersion": 1,
  "requires": true,
  "dependencies": {
    "ansi-styles": {
      "version": "3.2.0",
      "resolved": "https://registry.npmjs.org/ansi-styles/-/ansi-styles-3.2.0.tgz",
      "integrity": "sha512-NnSOmMEYtVR2JVMIGTzynRkkaxtiq1xnFBcdQD/DnNCYPoEPsVJhM98BDyaoNOQIi7p4okdi3E27eN7GQbsUug==",
      "requires": {
        "color-convert": "1.9.0"
      }
    },
    "chalk": {
      "version": "2.1.0",
      "resolved": "https://registry.npmjs.org/chalk/-/chalk-2.1.0.tgz",
      "integrity": "sha512-LUHGS/dge4ujbXMJrnihYMcL4AoOweGnw9Tp3kQuqy1Kx5c1qKjqvMJZ6nVJPMWJtKCTN72ZogH3oeSO9g9rXQ==",
      "requires": {
        "ansi-styles": "3.2.0",
        "escape-string-regexp": "1.0.5",
        "supports-color": "4.4.0"
      }
    },
    "color-convert": {
      "version": "1.9.0",
      "resolved": "https://registry.npmjs.org/color-convert/-/color-convert-1.9.0.tgz",
      "integrity": "sha1-Gsz5fdc5uYO/mU1W/sj5WFNkG3o=",
      "requires": {
        "color-name": "1.1.3"
      }
    },
    "color-name": {
      "version": "1.1.3",
      "resolved": "https://registry.npmjs.org/color-name/-/color-name-1.1.3.tgz",
      "integrity": "sha1-p9BVi9icQveV3UIyj3QIMcpTvCU="
    },
    "escape-string-regexp": {
      "version": "1.0.5",
      "resolved": "https://registry.npmjs.org/escape-string-regexp/-/escape-string-regexp-1.0.5.tgz",
      "integrity": "sha1-G2HAViGQqN/2rjuyzwIAyhMLhtQ="
    },
    "eventemitter3": {
      "version": "2.0.3",
      "resolved": "https://registry.npmjs.org/eventemitter3/-/eventemitter3-2.0.3.tgz",
      "integrity": "sha1-teEHm1n7XhuidxwKmTvgYKWMmbo="
    },
    "has-flag": {
      "version": "2.0.0",
      "resolved": "https://registry.npmjs.org/has-flag/-/has-flag-2.0.0.tgz",
      "integrity": "sha1-6CB68cx7MNRGzHC3NLXovhj4jVE="
    },
    "lol": {
      "version": "github:makemepulse/lol.js#79e16ba4d8278df45d563a7b6922d318d0831ef1"
    },
    "supports-color": {
      "version": "4.4.0",
      "resolved": "https://registry.npmjs.org/supports-color/-/supports-color-4.4.0.tgz",
      "integrity": "sha512-rKC3+DyXWgK0ZLKwmRsrkyHVZAjNkfzeehuFWdGGcqGDTZFH73+RH6S/RDAAxl9GusSjZSUWYLmT9N5pzXFOXQ==",
      "requires": {
        "has-flag": "2.0.0"
      }
    },
    "when": {
      "version": "3.7.8",
      "resolved": "https://registry.npmjs.org/when/-/when-3.7.8.tgz",
      "integrity": "sha1-xxMLan6gRpPoQs3J56Hyqjmjn4I="
    },
    "wk-argv-parser": {
      "version": "github:wk-js/argv-parser#d5c41c69c32fd7effd62520d2568f15bf300e357",
      "requires": {
        "lol": "github:makemepulse/lol.js#c559255b6c778d46d0be28911efee40784701e94"
      },
      "dependencies": {
        "lol": {
          "version": "github:makemepulse/lol.js#c559255b6c778d46d0be28911efee40784701e94"
        }
      }
    },
    "wk-print": {
      "version": "github:wk-js/print#ebb226585b84656d538f1e68d988d9baacf994ab",
      "requires": {
        "chalk": "2.1.0"
      }
    },
    "wkno": {
      "version": "github:wk-js/wkno#c7d21bea2321cbaebe68eea1bf30915d047ef571",
      "requires": {
        "lol": "github:makemepulse/lol.js#79e16ba4d8278df45d563a7b6922d318d0831ef1",
        "when": "3.7.8",
        "wk-argv-parser": "github:wk-js/argv-parser#d5c41c69c32fd7effd62520d2568f15bf300e357",
        "wk-print": "github:wk-js/print#c42df6a3f89dfac37b89c05a78df8216178e6e20"
      },
      "dependencies": {
        "wk-print": {
          "version": "github:wk-js/print#c42df6a3f89dfac37b89c05a78df8216178e6e20",
          "requires": {
            "chalk": "2.1.0"
          }
        }
      }
    }
  }
}
